Microsoft Visual Studio Solution File, Format Version 12.00
# Visual Studio 15
Project("{8BC9CEB8-8B4A-11D0-8D11-00A0C91BC942}") = "ALL_BUILD", "ALL_BUILD.vcxproj", "{51FF8B3C-CB15-3B32-A7E3-F25B67D63E6B}"
	ProjectSection(ProjectDependencies) = postProject
		{069E9091-86A6-317C-9A29-87BD0B5BF1E1} = {069E9091-86A6-317C-9A29-87BD0B5BF1E1}
		{52697C85-240A-39D9-8070-98EB18025EC7} = {52697C85-240A-39D9-8070-98EB18025EC7}
		{0850B1A5-2164-3C24-9EAD-10C707F36212} = {0850B1A5-2164-3C24-9EAD-10C707F36212}
		{90ADC091-87C3-34C3-9258-408972F9FB36} = {90ADC091-87C3-34C3-9258-408972F9FB36}
		{94516B07-E3DF-3C68-8F46-819A26455EEB} = {94516B07-E3DF-3C68-8F46-819A26455EEB}
	EndProjectSection
EndProject
Project("{8BC9CEB8-8B4A-11D0-8D11-00A0C91BC942}") = "INSTALL", "INSTALL.vcxproj", "{B6928553-0109-34F0-9548-5464C622ED07}"
	ProjectSection(ProjectDependencies) = postProject
		{51FF8B3C-CB15-3B32-A7E3-F25B67D63E6B} = {51FF8B3C-CB15-3B32-A7E3-F25B67D63E6B}
		{069E9091-86A6-317C-9A29-87BD0B5BF1E1} = {069E9091-86A6-317C-9A29-87BD0B5BF1E1}
	EndProjectSection
EndProject
Project("{8BC9CEB8-8B4A-11D0-8D11-00A0C91BC942}") = "RUN_TESTS", "RUN_TESTS.vcxproj", "{CF6D8002-665D-39B8-ABD5-EB95A1C89DA9}"
	ProjectSection(ProjectDependencies) = postProject
		{069E9091-86A6-317C-9A29-87BD0B5BF1E1} = {069E9091-86A6-317C-9A29-87BD0B5BF1E1}
	EndProjectSection
EndProject
Project("{8BC9CEB8-8B4A-11D0-8D11-00A0C91BC942}") = "ZERO_CHECK", "ZERO_CHECK.vcxproj", "{069E9091-86A6-317C-9A29-87BD0B5BF1E1}"
	ProjectSection(ProjectDependencies) = postProject
	EndProjectSection
EndProject
Project("{8BC9CEB8-8B4A-11D0-8D11-00A0C91BC942}") = "example", "example.vcxproj", "{52697C85-240A-39D9-8070-98EB18025EC7}"
	ProjectSection(ProjectDependencies) = postProject
		{069E9091-86A6-317C-9A29-87BD0B5BF1E1} = {069E9091-86A6-317C-9A29-87BD0B5BF1E1}
		{90ADC091-87C3-34C3-9258-408972F9FB36} = {90ADC091-87C3-34C3-9258-408972F9FB36}
	EndProjectSection
EndProject
Project("{8BC9CEB8-8B4A-11D0-8D11-00A0C91BC942}") = "minigzip", "minigzip.vcxproj", "{0850B1A5-2164-3C24-9EAD-10C707F36212}"
	ProjectSection(ProjectDependencies) = postProject
		{069E9091-86A6-317C-9A29-87BD0B5BF1E1} = {069E9091-86A6-317C-9A29-87BD0B5BF1E1}
		{90ADC091-87C3-34C3-9258-408972F9FB36} = {90ADC091-87C3-34C3-9258-408972F9FB36}
	EndProjectSection
EndProject
Project("{8BC9CEB8-8B4A-11D0-8D11-00A0C91BC942}") = "zlib", "zlib.vcxproj", "{90ADC091-87C3-34C3-9258-408972F9FB36}"
	ProjectSection(ProjectDependencies) = postProject
		{069E9091-86A6-317C-9A29-87BD0B5BF1E1} = {069E9091-86A6-317C-9A29-87BD0B5BF1E1}
	EndProjectSection
EndProject
Project("{8BC9CEB8-8B4A-11D0-8D11-00A0C91BC942}") = "zlibstatic", "zlibstatic.vcxproj", "{94516B07-E3DF-3C68-8F46-819A26455EEB}"
	ProjectSection(ProjectDependencies) = postProject
		{069E9091-86A6-317C-9A29-87BD0B5BF1E1} = {069E9091-86A6-317C-9A29-87BD0B5BF1E1}
	EndProjectSection
EndProject
Global
	GlobalSection(SolutionConfigurationPlatforms) = preSolution
		Debug|x64 = Debug|x64
		Release|x64 = Release|x64
		MinSizeRel|x64 = MinSizeRel|x64
		RelWithDebInfo|x64 = RelWithDebInfo|x64
	EndGlobalSection
	GlobalSection(ProjectConfigurationPlatforms) = postSolution
		{51FF8B3C-CB15-3B32-A7E3-F25B67D63E6B}.Debug|x64.ActiveCfg = Debug|x64
		{51FF8B3C-CB15-3B32-A7E3-F25B67D63E6B}.Debug|x64.Build.0 = Debug|x64
		{51FF8B3C-CB15-3B32-A7E3-F25B67D63E6B}.Release|x64.ActiveCfg = Release|x64
		{51FF8B3C-CB15-3B32-A7E3-F25B67D63E6B}.Release|x64.Build.0 = Release|x64
		{51FF8B3C-CB15-3B32-A7E3-F25B67D63E6B}.MinSizeRel|x64.ActiveCfg = MinSizeRel|x64
		{51FF8B3C-CB15-3B32-A7E3-F25B67D63E6B}.MinSizeRel|x64.Build.0 = MinSizeRel|x64
		{51FF8B3C-CB15-3B32-A7E3-F25B67D63E6B}.RelWithDebInfo|x64.ActiveCfg = RelWithDebInfo|x64
		{51FF8B3C-CB15-3B32-A7E3-F25B67D63E6B}.RelWithDebInfo|x64.Build.0 = RelWithDebInfo|x64
		{B6928553-0109-34F0-9548-5464C622ED07}.Debug|x64.ActiveCfg = Debug|x64
		{B6928553-0109-34F0-9548-5464C622ED07}.Release|x64.ActiveCfg = Release|x64
		{B6928553-0109-34F0-9548-5464C622ED07}.MinSizeRel|x64.ActiveCfg = MinSizeRel|x64
		{B6928553-0109-34F0-9548-5464C622ED07}.RelWithDebInfo|x64.ActiveCfg = RelWithDebInfo|x64
		{CF6D8002-665D-39B8-ABD5-EB95A1C89DA9}.Debug|x64.ActiveCfg = Debug|x64
		{CF6D8002-665D-39B8-ABD5-EB95A1C89DA9}.Release|x64.ActiveCfg = Release|x64
		{CF6D8002-665D-39B8-ABD5-EB95A1C89DA9}.MinSizeRel|x64.ActiveCfg = MinSizeRel|x64
		{CF6D8002-665D-39B8-ABD5-EB95A1C89DA9}.RelWithDebInfo|x64.ActiveCfg = RelWithDebInfo|x64
		{069E9091-86A6-317C-9A29-87BD0B5BF1E1}.Debug|x64.ActiveCfg = Debug|x64
		{069E9091-86A6-317C-9A29-87BD0B5BF1E1}.Debug|x64.Build.0 = Debug|x64
		{069E9091-86A6-317C-9A29-87BD0B5BF1E1}.Release|x64.ActiveCfg = Release|x64
		{069E9091-86A6-317C-9A29-87BD0B5BF1E1}.Release|x64.Build.0 = Release|x64
		{069E9091-86A6-317C-9A29-87BD0B5BF1E1}.MinSizeRel|x64.ActiveCfg = MinSizeRel|x64
		{069E9091-86A6-317C-9A29-87BD0B5BF1E1}.MinSizeRel|x64.Build.0 = MinSizeRel|x64
		{069E9091-86A6-317C-9A29-87BD0B5BF1E1}.RelWithDebInfo|x64.ActiveCfg = RelWithDebInfo|x64
		{069E9091-86A6-317C-9A29-87BD0B5BF1E1}.RelWithDebInfo|x64.Build.0 = RelWithDebInfo|x64
		{52697C85-240A-39D9-8070-98EB18025EC7}.Debug|x64.ActiveCfg = Debug|x64
		{52697C85-240A-39D9-8070-98EB18025EC7}.Debug|x64.Build.0 = Debug|x64
		{52697C85-240A-39D9-8070-98EB18025EC7}.Release|x64.ActiveCfg = Release|x64
		{52697C85-240A-39D9-8070-98EB18025EC7}.Release|x64.Build.0 = Release|x64
		{52697C85-240A-39D9-8070-98EB18025EC7}.MinSizeRel|x64.ActiveCfg = MinSizeRel|x64
		{52697C85-240A-39D9-8070-98EB18025EC7}.MinSizeRel|x64.Build.0 = MinSizeRel|x64
		{52697C85-240A-39D9-8070-98EB18025EC7}.RelWithDebInfo|x64.ActiveCfg = RelWithDebInfo|x64
		{52697C85-240A-39D9-8070-98EB18025EC7}.RelWithDebInfo|x64.Build.0 = RelWithDebInfo|x64
		{0850B1A5-2164-3C24-9EAD-10C707F36212}.Debug|x64.ActiveCfg = Debug|x64
		{0850B1A5-2164-3C24-9EAD-10C707F36212}.Debug|x64.Build.0 = Debug|x64
		{0850B1A5-2164-3C24-9EAD-10C707F36212}.Release|x64.ActiveCfg = Release|x64
		{0850B1A5-2164-3C24-9EAD-10C707F36212}.Release|x64.Build.0 = Release|x64
		{0850B1A5-2164-3C24-9EAD-10C707F36212}.MinSizeRel|x64.ActiveCfg = MinSizeRel|x64
		{0850B1A5-2164-3C24-9EAD-10C707F36212}.MinSizeRel|x64.Build.0 = MinSizeRel|x64
		{0850B1A5-2164-3C24-9EAD-10C707F36212}.RelWithDebInfo|x64.ActiveCfg = RelWithDebInfo|x64
		{0850B1A5-2164-3C24-9EAD-10C707F36212}.RelWithDebInfo|x64.Build.0 = RelWithDebInfo|x64
		{90ADC091-87C3-34C3-9258-408972F9FB36}.Debug|x64.ActiveCfg = Debug|x64
		{90ADC091-87C3-34C3-9258-408972F9FB36}.Debug|x64.Build.0 = Debug|x64
		{90ADC091-87C3-34C3-9258-408972F9FB36}.Release|x64.ActiveCfg = Release|x64
		{90ADC091-87C3-34C3-9258-408972F9FB36}.Release|x64.Build.0 = Release|x64
		{90ADC091-87C3-34C3-9258-408972F9FB36}.MinSizeRel|x64.ActiveCfg = MinSizeRel|x64
		{90ADC091-87C3-34C3-9258-408972F9FB36}.MinSizeRel|x64.Build.0 = MinSizeRel|x64
		{90ADC091-87C3-34C3-9258-408972F9FB36}.RelWithDebInfo|x64.ActiveCfg = RelWithDebInfo|x64
		{90ADC091-87C3-34C3-9258-408972F9FB36}.RelWithDebInfo|x64.Build.0 = RelWithDebInfo|x64
		{94516B07-E3DF-3C68-8F46-819A26455EEB}.Debug|x64.ActiveCfg = Debug|x64
		{94516B07-E3DF-3C68-8F46-819A26455EEB}.Debug|x64.Build.0 = Debug|x64
		{94516B07-E3DF-3C68-8F46-819A26455EEB}.Release|x64.ActiveCfg = Release|x64
		{94516B07-E3DF-3C68-8F46-819A26455EEB}.Release|x64.Build.0 = Release|x64
		{94516B07-E3DF-3C68-8F46-819A26455EEB}.MinSizeRel|x64.ActiveCfg = MinSizeRel|x64
		{94516B07-E3DF-3C68-8F46-819A26455EEB}.MinSizeRel|x64.Build.0 = MinSizeRel|x64
		{94516B07-E3DF-3C68-8F46-819A26455EEB}.RelWithDebInfo|x64.ActiveCfg = RelWithDebInfo|x64
		{94516B07-E3DF-3C68-8F46-819A26455EEB}.RelWithDebInfo|x64.Build.0 = RelWithDebInfo|x64
	EndGlobalSection
	GlobalSection(ExtensibilityGlobals) = postSolution
		SolutionGuid = {95061DDA-718E-3265-B2C3-52333A418686}
	EndGlobalSection
	GlobalSection(ExtensibilityAddIns) = postSolution
	EndGlobalSection
EndGlobal
